# THIS IS AN AUTOGENERATED FILE. DO NOT EDIT THIS FILE DIRECTLY.
# yarn lockfile v1


"@faker-js/faker@^7.6.0":
  version "7.6.0"
  resolved "https://registry.yarnpkg.com/@faker-js/faker/-/faker-7.6.0.tgz#9ea331766084288634a9247fcd8b84f16ff4ba07"
  integrity sha512-XK6BTq1NDMo9Xqw/YkYyGjSsg44fbNwYRx7QK2CuoQgyy+f1rrTDHoExVM5PsyXCtfl2vs2vVJ0MN0yN6LppRw==

"@types/google.maps@^3.51.0":
  version "3.51.0"
  resolved "https://registry.yarnpkg.com/@types/google.maps/-/google.maps-3.51.0.tgz#56198ebe9ecb9b83821a290ae2abe97b68e3d20b"
  integrity sha512-44/oQYjc5D6kxBcI3Qk9rk3IIOMwnlEMWDV7pwPJ2YI89s5Q1OzDrFvR7QJ3LFrpVXEhig+gyagFg54+foinFg==
